
Microsoft Visual Studio Solution File, Format Version 12.00
# Visual Studio Version 17
VisualStudioVersion = 17.0.32112.339
MinimumVisualStudioVersion = 10.0.40219.1
Project("{FAE04EC0-301F-11D3-BF4B-00C04F79EFBC}") = "WebApplication", "WebApplication.csproj", "{17F41B17-FB6E-4CB1-BD15-87D3A08C1593}"
EndProject
Global
	GlobalSection(SolutionConfigurationPlatforms) = preSolution
		Debug|Any CPU = Debug|Any CPU
		Release|Any CPU = Release|Any CPU
	EndGlobalSection
	GlobalSection(ProjectConfigurationPlatforms) = postSolution
		{17F41B17-FB6E-4CB1-BD15-87D3A08C1593}.Debug|Any CPU.ActiveCfg = Debug|Any CPU
		{17F41B17-FB6E-4CB1-BD15-87D3A08C1593}.Debug|Any CPU.Build.0 = Debug|Any CPU
		{17F41B17-FB6E-4CB1-BD15-87D3A08C1593}.Release|Any CPU.ActiveCfg = Release|Any CPU
		{17F41B17-FB6E-4CB1-BD15-87D3A08C1593}.Release|Any CPU.Build.0 = Release|Any CPU
	EndGlobalSection
	GlobalSection(SolutionProperties) = preSolution
		HideSolutionNode = FALSE
	EndGlobalSection
	GlobalSection(ExtensibilityGlobals) = postSolution
		SolutionGuid = {0FB3E1E0-80CF-4BB7-BF6D-7031D60CFA7C}
	EndGlobalSection
EndGlobal
