
Microsoft Visual Studio Solution File, Format Version 12.00
# Visual Studio Version 16
VisualStudioVersion = 16.0.31702.278
MinimumVisualStudioVersion = 10.0.40219.1
Project("{FAE04EC0-301F-11D3-BF4B-00C04F79EFBC}") = "Interfaces", "Interfaces\Interfaces.csproj", "{8DA8FE6C-BC39-4FC2-B041-FDA0E086C823}"
EndProject
Project("{FAE04EC0-301F-11D3-BF4B-00C04F79EFBC}") = "Icomparer", "Icomparer\Icomparer.csproj", "{4E2A415B-DAE5-47AB-B86B-2645561B50AA}"
EndProject
Global
	GlobalSection(SolutionConfigurationPlatforms) = preSolution
		Debug|Any CPU = Debug|Any CPU
		Release|Any CPU = Release|Any CPU
	EndGlobalSection
	GlobalSection(ProjectConfigurationPlatforms) = postSolution
		{8DA8FE6C-BC39-4FC2-B041-FDA0E086C823}.Debug|Any CPU.ActiveCfg = Debug|Any CPU
		{8DA8FE6C-BC39-4FC2-B041-FDA0E086C823}.Debug|Any CPU.Build.0 = Debug|Any CPU
		{8DA8FE6C-BC39-4FC2-B041-FDA0E086C823}.Release|Any CPU.ActiveCfg = Release|Any CPU
		{8DA8FE6C-BC39-4FC2-B041-FDA0E086C823}.Release|Any CPU.Build.0 = Release|Any CPU
		{4E2A415B-DAE5-47AB-B86B-2645561B50AA}.Debug|Any CPU.ActiveCfg = Debug|Any CPU
		{4E2A415B-DAE5-47AB-B86B-2645561B50AA}.Debug|Any CPU.Build.0 = Debug|Any CPU
		{4E2A415B-DAE5-47AB-B86B-2645561B50AA}.Release|Any CPU.ActiveCfg = Release|Any CPU
		{4E2A415B-DAE5-47AB-B86B-2645561B50AA}.Release|Any CPU.Build.0 = Release|Any CPU
	EndGlobalSection
	GlobalSection(SolutionProperties) = preSolution
		HideSolutionNode = FALSE
	EndGlobalSection
	GlobalSection(ExtensibilityGlobals) = postSolution
		SolutionGuid = {BFDA66A4-1B3B-4B36-96C0-6EF1834A915B}
	EndGlobalSection
EndGlobal
