
Microsoft Visual Studio Solution File, Format Version 12.00
# Visual Studio Version 17
VisualStudioVersion = 17.0.32112.339
MinimumVisualStudioVersion = 10.0.40219.1
Project("{FAE04EC0-301F-11D3-BF4B-00C04F79EFBC}") = "MVCEntityFramework", "MVCEntityFramework.csproj", "{07904456-1C9C-4B1E-92C0-6F0D447B8387}"
EndProject
Global
	GlobalSection(SolutionConfigurationPlatforms) = preSolution
		Debug|Any CPU = Debug|Any CPU
		Release|Any CPU = Release|Any CPU
	EndGlobalSection
	GlobalSection(ProjectConfigurationPlatforms) = postSolution
		{07904456-1C9C-4B1E-92C0-6F0D447B8387}.Debug|Any CPU.ActiveCfg = Debug|Any CPU
		{07904456-1C9C-4B1E-92C0-6F0D447B8387}.Debug|Any CPU.Build.0 = Debug|Any CPU
		{07904456-1C9C-4B1E-92C0-6F0D447B8387}.Release|Any CPU.ActiveCfg = Release|Any CPU
		{07904456-1C9C-4B1E-92C0-6F0D447B8387}.Release|Any CPU.Build.0 = Release|Any CPU
	EndGlobalSection
	GlobalSection(SolutionProperties) = preSolution
		HideSolutionNode = FALSE
	EndGlobalSection
	GlobalSection(ExtensibilityGlobals) = postSolution
		SolutionGuid = {BABFDEB7-96BF-4697-839C-5C60603D39E1}
	EndGlobalSection
EndGlobal
