
Microsoft Visual Studio Solution File, Format Version 12.00
# Visual Studio Version 16
VisualStudioVersion = 16.0.31911.196
MinimumVisualStudioVersion = 10.0.40219.1
Project("{FAE04EC0-301F-11D3-BF4B-00C04F79EFBC}") = "0.Consola.(Net4.8)", "0.Consola.(Net4.8)\0.Consola.(Net4.8).csproj", "{833C9E9C-9E06-489E-AC83-864E5829FE37}"
EndProject
Project("{FAE04EC0-301F-11D3-BF4B-00C04F79EFBC}") = "0.WinForms.(Net4.8)", "0.WinForms.(Net4.8)\0.WinForms.(Net4.8).csproj", "{4AE9366C-294B-48C3-99B2-AEC823208707}"
EndProject
Project("{FAE04EC0-301F-11D3-BF4B-00C04F79EFBC}") = "PatronEstrategia", "PatronEstrategia\PatronEstrategia.csproj", "{D11159A1-8316-48B4-BC45-DC6FC6152075}"
EndProject
Global
	GlobalSection(SolutionConfigurationPlatforms) = preSolution
		Debug|Any CPU = Debug|Any CPU
		Release|Any CPU = Release|Any CPU
	EndGlobalSection
	GlobalSection(ProjectConfigurationPlatforms) = postSolution
		{833C9E9C-9E06-489E-AC83-864E5829FE37}.Debug|Any CPU.ActiveCfg = Debug|Any CPU
		{833C9E9C-9E06-489E-AC83-864E5829FE37}.Debug|Any CPU.Build.0 = Debug|Any CPU
		{833C9E9C-9E06-489E-AC83-864E5829FE37}.Release|Any CPU.ActiveCfg = Release|Any CPU
		{833C9E9C-9E06-489E-AC83-864E5829FE37}.Release|Any CPU.Build.0 = Release|Any CPU
		{4AE9366C-294B-48C3-99B2-AEC823208707}.Debug|Any CPU.ActiveCfg = Debug|Any CPU
		{4AE9366C-294B-48C3-99B2-AEC823208707}.Debug|Any CPU.Build.0 = Debug|Any CPU
		{4AE9366C-294B-48C3-99B2-AEC823208707}.Release|Any CPU.ActiveCfg = Release|Any CPU
		{4AE9366C-294B-48C3-99B2-AEC823208707}.Release|Any CPU.Build.0 = Release|Any CPU
		{D11159A1-8316-48B4-BC45-DC6FC6152075}.Debug|Any CPU.ActiveCfg = Debug|Any CPU
		{D11159A1-8316-48B4-BC45-DC6FC6152075}.Debug|Any CPU.Build.0 = Debug|Any CPU
		{D11159A1-8316-48B4-BC45-DC6FC6152075}.Release|Any CPU.ActiveCfg = Release|Any CPU
		{D11159A1-8316-48B4-BC45-DC6FC6152075}.Release|Any CPU.Build.0 = Release|Any CPU
	EndGlobalSection
	GlobalSection(SolutionProperties) = preSolution
		HideSolutionNode = FALSE
	EndGlobalSection
	GlobalSection(ExtensibilityGlobals) = postSolution
		SolutionGuid = {462B7411-DC9B-4623-A212-E3AD06758EF6}
	EndGlobalSection
EndGlobal
