
Microsoft Visual Studio Solution File, Format Version 12.00
# Visual Studio Version 17
VisualStudioVersion = 17.0.31919.166
MinimumVisualStudioVersion = 10.0.40219.1
Project("{9A19103F-16F7-4668-BE54-9A1E7A4F7556}") = "PatronEstrategia", "PatronEstrategia\PatronEstrategia.csproj", "{40085FE7-B743-4D6D-AF95-B9130E598546}"
EndProject
Project("{9A19103F-16F7-4668-BE54-9A1E7A4F7556}") = "PatronDecorador", "PatronDecorador\PatronDecorador.csproj", "{8BA9B702-2D21-4825-B483-E73B92A299CF}"
EndProject
Project("{FAE04EC0-301F-11D3-BF4B-00C04F79EFBC}") = "PatronProxy", "PatronProxy\PatronProxy.csproj", "{E5E8C7A3-8D04-4AB4-BC67-5510F1AA51C6}"
EndProject
Global
	GlobalSection(SolutionConfigurationPlatforms) = preSolution
		Debug|Any CPU = Debug|Any CPU
		Release|Any CPU = Release|Any CPU
	EndGlobalSection
	GlobalSection(ProjectConfigurationPlatforms) = postSolution
		{40085FE7-B743-4D6D-AF95-B9130E598546}.Debug|Any CPU.ActiveCfg = Debug|Any CPU
		{40085FE7-B743-4D6D-AF95-B9130E598546}.Debug|Any CPU.Build.0 = Debug|Any CPU
		{40085FE7-B743-4D6D-AF95-B9130E598546}.Release|Any CPU.ActiveCfg = Release|Any CPU
		{40085FE7-B743-4D6D-AF95-B9130E598546}.Release|Any CPU.Build.0 = Release|Any CPU
		{8BA9B702-2D21-4825-B483-E73B92A299CF}.Debug|Any CPU.ActiveCfg = Debug|Any CPU
		{8BA9B702-2D21-4825-B483-E73B92A299CF}.Debug|Any CPU.Build.0 = Debug|Any CPU
		{8BA9B702-2D21-4825-B483-E73B92A299CF}.Release|Any CPU.ActiveCfg = Release|Any CPU
		{8BA9B702-2D21-4825-B483-E73B92A299CF}.Release|Any CPU.Build.0 = Release|Any CPU
		{E5E8C7A3-8D04-4AB4-BC67-5510F1AA51C6}.Debug|Any CPU.ActiveCfg = Debug|Any CPU
		{E5E8C7A3-8D04-4AB4-BC67-5510F1AA51C6}.Debug|Any CPU.Build.0 = Debug|Any CPU
		{E5E8C7A3-8D04-4AB4-BC67-5510F1AA51C6}.Release|Any CPU.ActiveCfg = Release|Any CPU
		{E5E8C7A3-8D04-4AB4-BC67-5510F1AA51C6}.Release|Any CPU.Build.0 = Release|Any CPU
	EndGlobalSection
	GlobalSection(SolutionProperties) = preSolution
		HideSolutionNode = FALSE
	EndGlobalSection
	GlobalSection(ExtensibilityGlobals) = postSolution
		SolutionGuid = {462B7411-DC9B-4623-A212-E3AD06758EF6}
	EndGlobalSection
EndGlobal
