
Microsoft Visual Studio Solution File, Format Version 12.00
# Visual Studio 15
VisualStudioVersion = 15.0.27428.2015
MinimumVisualStudioVersion = 10.0.40219.1
Project("{FAE04EC0-301F-11D3-BF4B-00C04F79EFBC}") = "Ej0023", "Ej0023.csproj", "{E89A8C6C-2B94-49E2-A078-64F848B7CDA0}"
EndProject
Global
	GlobalSection(SolutionConfigurationPlatforms) = preSolution
		Debug|Any CPU = Debug|Any CPU
		Release|Any CPU = Release|Any CPU
	EndGlobalSection
	GlobalSection(ProjectConfigurationPlatforms) = postSolution
		{E89A8C6C-2B94-49E2-A078-64F848B7CDA0}.Debug|Any CPU.ActiveCfg = Debug|Any CPU
		{E89A8C6C-2B94-49E2-A078-64F848B7CDA0}.Debug|Any CPU.Build.0 = Debug|Any CPU
		{E89A8C6C-2B94-49E2-A078-64F848B7CDA0}.Release|Any CPU.ActiveCfg = Release|Any CPU
		{E89A8C6C-2B94-49E2-A078-64F848B7CDA0}.Release|Any CPU.Build.0 = Release|Any CPU
	EndGlobalSection
	GlobalSection(SolutionProperties) = preSolution
		HideSolutionNode = FALSE
	EndGlobalSection
	GlobalSection(ExtensibilityGlobals) = postSolution
		SolutionGuid = {8F99254D-E091-4671-AC74-41E0E5D4D67B}
	EndGlobalSection
EndGlobal
